
Microsoft Visual Studio Solution File, Format Version 12.00
# Visual Studio Version 16
VisualStudioVersion = 16.0.31025.194
MinimumVisualStudioVersion = 10.0.40219.1
Project("{FAE04EC0-301F-11D3-BF4B-00C04F79EFBC}") = "MVVM.Android", "MVVM\MVVM.Android\MVVM.Android.csproj", "{87E1243C-79BF-472E-B2EB-34A26110CB7E}"
EndProject
Project("{FAE04EC0-301F-11D3-BF4B-00C04F79EFBC}") = "MVVM.iOS", "MVVM\MVVM.iOS\MVVM.iOS.csproj", "{A046C2AD-3B28-458A-A3FC-83FEA748EA59}"
EndProject
Project("{FAE04EC0-301F-11D3-BF4B-00C04F79EFBC}") = "MVVM", "MVVM\MVVM\MVVM.csproj", "{C08C92B9-13B9-4E20-AAF8-9B0BE7A43B5A}"
EndProject
Global
	GlobalSection(SolutionConfigurationPlatforms) = preSolution
		Debug|Any CPU = Debug|Any CPU
		Debug|iPhone = Debug|iPhone
		Debug|iPhoneSimulator = Debug|iPhoneSimulator
		Release|Any CPU = Release|Any CPU
		Release|iPhone = Release|iPhone
		Release|iPhoneSimulator = Release|iPhoneSimulator
	EndGlobalSection
	GlobalSection(ProjectConfigurationPlatforms) = postSolution
		{87E1243C-79BF-472E-B2EB-34A26110CB7E}.Debug|Any CPU.ActiveCfg = Debug|Any CPU
		{87E1243C-79BF-472E-B2EB-34A26110CB7E}.Debug|Any CPU.Build.0 = Debug|Any CPU
		{87E1243C-79BF-472E-B2EB-34A26110CB7E}.Debug|Any CPU.Deploy.0 = Debug|Any CPU
		{87E1243C-79BF-472E-B2EB-34A26110CB7E}.Debug|iPhone.ActiveCfg = Debug|Any CPU
		{87E1243C-79BF-472E-B2EB-34A26110CB7E}.Debug|iPhone.Build.0 = Debug|Any CPU
		{87E1243C-79BF-472E-B2EB-34A26110CB7E}.Debug|iPhone.Deploy.0 = Debug|Any CPU
		{87E1243C-79BF-472E-B2EB-34A26110CB7E}.Debug|iPhoneSimulator.ActiveCfg = Debug|Any CPU
		{87E1243C-79BF-472E-B2EB-34A26110CB7E}.Debug|iPhoneSimulator.Build.0 = Debug|Any CPU
		{87E1243C-79BF-472E-B2EB-34A26110CB7E}.Debug|iPhoneSimulator.Deploy.0 = Debug|Any CPU
		{87E1243C-79BF-472E-B2EB-34A26110CB7E}.Release|Any CPU.ActiveCfg = Release|Any CPU
		{87E1243C-79BF-472E-B2EB-34A26110CB7E}.Release|Any CPU.Build.0 = Release|Any CPU
		{87E1243C-79BF-472E-B2EB-34A26110CB7E}.Release|Any CPU.Deploy.0 = Release|Any CPU
		{87E1243C-79BF-472E-B2EB-34A26110CB7E}.Release|iPhone.ActiveCfg = Release|Any CPU
		{87E1243C-79BF-472E-B2EB-34A26110CB7E}.Release|iPhone.Build.0 = Release|Any CPU
		{87E1243C-79BF-472E-B2EB-34A26110CB7E}.Release|iPhone.Deploy.0 = Release|Any CPU
		{87E1243C-79BF-472E-B2EB-34A26110CB7E}.Release|iPhoneSimulator.ActiveCfg = Release|Any CPU
		{87E1243C-79BF-472E-B2EB-34A26110CB7E}.Release|iPhoneSimulator.Build.0 = Release|Any CPU
		{87E1243C-79BF-472E-B2EB-34A26110CB7E}.Release|iPhoneSimulator.Deploy.0 = Release|Any CPU
		{A046C2AD-3B28-458A-A3FC-83FEA748EA59}.Debug|Any CPU.ActiveCfg = Debug|iPhone
		{A046C2AD-3B28-458A-A3FC-83FEA748EA59}.Debug|Any CPU.Build.0 = Debug|iPhone
		{A046C2AD-3B28-458A-A3FC-83FEA748EA59}.Debug|Any CPU.Deploy.0 = Debug|iPhone
		{A046C2AD-3B28-458A-A3FC-83FEA748EA59}.Debug|iPhone.ActiveCfg = Debug|iPhone
		{A046C2AD-3B28-458A-A3FC-83FEA748EA59}.Debug|iPhone.Build.0 = Debug|iPhone
		{A046C2AD-3B28-458A-A3FC-83FEA748EA59}.Debug|iPhone.Deploy.0 = Debug|iPhone
		{A046C2AD-3B28-458A-A3FC-83FEA748EA59}.Debug|iPhoneSimulator.ActiveCfg = Debug|iPhoneSimulator
		{A046C2AD-3B28-458A-A3FC-83FEA748EA59}.Debug|iPhoneSimulator.Build.0 = Debug|iPhoneSimulator
		{A046C2AD-3B28-458A-A3FC-83FEA748EA59}.Debug|iPhoneSimulator.Deploy.0 = Debug|iPhoneSimulator
		{A046C2AD-3B28-458A-A3FC-83FEA748EA59}.Release|Any CPU.ActiveCfg = Release|iPhoneSimulator
		{A046C2AD-3B28-458A-A3FC-83FEA748EA59}.Release|Any CPU.Build.0 = Release|iPhoneSimulator
		{A046C2AD-3B28-458A-A3FC-83FEA748EA59}.Release|Any CPU.Deploy.0 = Release|iPhoneSimulator
		{A046C2AD-3B28-458A-A3FC-83FEA748EA59}.Release|iPhone.ActiveCfg = Release|iPhone
		{A046C2AD-3B28-458A-A3FC-83FEA748EA59}.Release|iPhone.Build.0 = Release|iPhone
		{A046C2AD-3B28-458A-A3FC-83FEA748EA59}.Release|iPhone.Deploy.0 = Release|iPhone
		{A046C2AD-3B28-458A-A3FC-83FEA748EA59}.Release|iPhoneSimulator.ActiveCfg = Release|iPhoneSimulator
		{A046C2AD-3B28-458A-A3FC-83FEA748EA59}.Release|iPhoneSimulator.Build.0 = Release|iPhoneSimulator
		{A046C2AD-3B28-458A-A3FC-83FEA748EA59}.Release|iPhoneSimulator.Deploy.0 = Release|iPhoneSimulator
		{C08C92B9-13B9-4E20-AAF8-9B0BE7A43B5A}.Debug|Any CPU.ActiveCfg = Debug|Any CPU
		{C08C92B9-13B9-4E20-AAF8-9B0BE7A43B5A}.Debug|Any CPU.Build.0 = Debug|Any CPU
		{C08C92B9-13B9-4E20-AAF8-9B0BE7A43B5A}.Debug|Any CPU.Deploy.0 = Debug|Any CPU
		{C08C92B9-13B9-4E20-AAF8-9B0BE7A43B5A}.Debug|iPhone.ActiveCfg = Debug|Any CPU
		{C08C92B9-13B9-4E20-AAF8-9B0BE7A43B5A}.Debug|iPhone.Build.0 = Debug|Any CPU
		{C08C92B9-13B9-4E20-AAF8-9B0BE7A43B5A}.Debug|iPhone.Deploy.0 = Debug|Any CPU
		{C08C92B9-13B9-4E20-AAF8-9B0BE7A43B5A}.Debug|iPhoneSimulator.ActiveCfg = Debug|Any CPU
		{C08C92B9-13B9-4E20-AAF8-9B0BE7A43B5A}.Debug|iPhoneSimulator.Build.0 = Debug|Any CPU
		{C08C92B9-13B9-4E20-AAF8-9B0BE7A43B5A}.Debug|iPhoneSimulator.Deploy.0 = Debug|Any CPU
		{C08C92B9-13B9-4E20-AAF8-9B0BE7A43B5A}.Release|Any CPU.ActiveCfg = Release|Any CPU
		{C08C92B9-13B9-4E20-AAF8-9B0BE7A43B5A}.Release|Any CPU.Build.0 = Release|Any CPU
		{C08C92B9-13B9-4E20-AAF8-9B0BE7A43B5A}.Release|Any CPU.Deploy.0 = Release|Any CPU
		{C08C92B9-13B9-4E20-AAF8-9B0BE7A43B5A}.Release|iPhone.ActiveCfg = Release|Any CPU
		{C08C92B9-13B9-4E20-AAF8-9B0BE7A43B5A}.Release|iPhone.Build.0 = Release|Any CPU
		{C08C92B9-13B9-4E20-AAF8-9B0BE7A43B5A}.Release|iPhone.Deploy.0 = Release|Any CPU
		{C08C92B9-13B9-4E20-AAF8-9B0BE7A43B5A}.Release|iPhoneSimulator.ActiveCfg = Release|Any CPU
		{C08C92B9-13B9-4E20-AAF8-9B0BE7A43B5A}.Release|iPhoneSimulator.Build.0 = Release|Any CPU
		{C08C92B9-13B9-4E20-AAF8-9B0BE7A43B5A}.Release|iPhoneSimulator.Deploy.0 = Release|Any CPU
	EndGlobalSection
	GlobalSection(SolutionProperties) = preSolution
		HideSolutionNode = FALSE
	EndGlobalSection
	GlobalSection(ExtensibilityGlobals) = postSolution
		SolutionGuid = {05B9F547-9FF2-44F3-B558-30FB10D655CF}
	EndGlobalSection
EndGlobal
